// !$*UTF8*$!
{
	archiveVersion = 1;
	classes = {
	};
	objectVersion = 51;
	objects = {

/* Begin PBXBuildFile section */
		770EA43A261A44B800528EBA /* Definers.swift in Sources */ = {isa = PBXBuildFile; fileRef = 770EA439261A44B800528EBA /* Definers.swift */; };
		77618F982614772200407F46 /* UserSettings.swift in Sources */ = {isa = PBXBuildFile; fileRef = 77618F972614772200407F46 /* UserSettings.swift */; };
		77618F9B2615E18D00407F46 /* TaskEditorView.swift in Sources */ = {isa = PBXBuildFile; fileRef = 77618F9A2615E18D00407F46 /* TaskEditorView.swift */; };
		77618FB0261750C100407F46 /* Auth.swift in Sources */ = {isa = PBXBuildFile; fileRef = 77618FAF261750C100407F46 /* Auth.swift */; };
		7762633E2613DAB200816214 /* Convertions.swift in Sources */ = {isa = PBXBuildFile; fileRef = 7762633D2613DAB200816214 /* Convertions.swift */; };
		77F0C3D426132C29007F0559 /* Dogsign_ToDoApp.swift in Sources */ = {isa = PBXBuildFile; fileRef = 77F0C3D326132C29007F0559 /* Dogsign_ToDoApp.swift */; };
		77F0C3D826132C2C007F0559 /* Assets.xcassets in Resources */ = {isa = PBXBuildFile; fileRef = 77F0C3D726132C2C007F0559 /* Assets.xcassets */; };
		77F0C3DB26132C2C007F0559 /* Preview Assets.xcassets in Resources */ = {isa = PBXBuildFile; fileRef = 77F0C3DA26132C2C007F0559 /* Preview Assets.xcassets */; };
		77F0C3E926132D64007F0559 /* WelcomeView.swift in Sources */ = {isa = PBXBuildFile; fileRef = 77F0C3E826132D64007F0559 /* WelcomeView.swift */; };
		77F0C40F26133417007F0559 /* ErrorTab.swift in Sources */ = {isa = PBXBuildFile; fileRef = 77F0C40E26133417007F0559 /* ErrorTab.swift */; };
		77F0C41326133468007F0559 /* TaskListTab.swift in Sources */ = {isa = PBXBuildFile; fileRef = 77F0C41226133468007F0559 /* TaskListTab.swift */; };
		77F0C416261334A6007F0559 /* ProjectsTab.swift in Sources */ = {isa = PBXBuildFile; fileRef = 77F0C415261334A6007F0559 /* ProjectsTab.swift */; };
		77F0C41A26134062007F0559 /* TaskView.swift in Sources */ = {isa = PBXBuildFile; fileRef = 77F0C41926134062007F0559 /* TaskView.swift */; };
		77F0C44726136B43007F0559 /* GoogleService-Info.plist in Resources */ = {isa = PBXBuildFile; fileRef = 77F0C44626136B43007F0559 /* GoogleService-Info.plist */; };
		77F0C45A2613799E007F0559 /* GlobalTasks.swift in Sources */ = {isa = PBXBuildFile; fileRef = 77F0C4592613799E007F0559 /* GlobalTasks.swift */; };
		77F0C45D26137B18007F0559 /* FirestoreManager.swift in Sources */ = {isa = PBXBuildFile; fileRef = 77F0C45C26137B18007F0559 /* FirestoreManager.swift */; };
		77F0C4C52613CA23007F0559 /* DropdownTaskCreator.swift in Sources */ = {isa = PBXBuildFile; fileRef = 77F0C4C42613CA23007F0559 /* DropdownTaskCreator.swift */; };
		D22D4EEF200E672FDBAF79E8 /* Pods_Dogsign_ToDo.framework in Frameworks */ = {isa = PBXBuildFile; fileRef = B2678272F528A2761F4183EA /* Pods_Dogsign_ToDo.framework */; };
/* End PBXBuildFile section */

/* Begin PBXFileReference section */
		62FD8AF11A626BC943B90E91 /* Pods-Dogsign ToDo.debug.xcconfig */ = {isa = PBXFileReference; includeInIndex = 1; lastKnownFileType = text.xcconfig; name = "Pods-Dogsign ToDo.debug.xcconfig"; path = "Target Support Files/Pods-Dogsign ToDo/Pods-Dogsign ToDo.debug.xcconfig"; sourceTree = "<group>"; };
		770EA439261A44B800528EBA /* Definers.swift */ = {isa = PBXFileReference; lastKnownFileType = sourcecode.swift; path = Definers.swift; sourceTree = "<group>"; };
		77618F972614772200407F46 /* UserSettings.swift */ = {isa = PBXFileReference; lastKnownFileType = sourcecode.swift; path = UserSettings.swift; sourceTree = "<group>"; };
		77618F9A2615E18D00407F46 /* TaskEditorView.swift */ = {isa = PBXFileReference; lastKnownFileType = sourcecode.swift; path = TaskEditorView.swift; sourceTree = "<group>"; };
		77618FAF261750C100407F46 /* Auth.swift */ = {isa = PBXFileReference; lastKnownFileType = sourcecode.swift; path = Auth.swift; sourceTree = "<group>"; };
		7762633D2613DAB200816214 /* Convertions.swift */ = {isa = PBXFileReference; lastKnownFileType = sourcecode.swift; path = Convertions.swift; sourceTree = "<group>"; };
		77F0C3D026132C29007F0559 /* Dogsign ToDo.app */ = {isa = PBXFileReference; explicitFileType = wrapper.application; includeInIndex = 0; path = "Dogsign ToDo.app"; sourceTree = BUILT_PRODUCTS_DIR; };
		77F0C3D326132C29007F0559 /* Dogsign_ToDoApp.swift */ = {isa = PBXFileReference; lastKnownFileType = sourcecode.swift; path = Dogsign_ToDoApp.swift; sourceTree = "<group>"; };
		77F0C3D726132C2C007F0559 /* Assets.xcassets */ = {isa = PBXFileReference; lastKnownFileType = folder.assetcatalog; path = Assets.xcassets; sourceTree = "<group>"; };
		77F0C3DA26132C2C007F0559 /* Preview Assets.xcassets */ = {isa = PBXFileReference; lastKnownFileType = folder.assetcatalog; path = "Preview Assets.xcassets"; sourceTree = "<group>"; };
		77F0C3DC26132C2C007F0559 /* Info.plist */ = {isa = PBXFileReference; lastKnownFileType = text.plist.xml; path = Info.plist; sourceTree = "<group>"; };
		77F0C3DD26132C2C007F0559 /* Dogsign_ToDo.entitlements */ = {isa = PBXFileReference; lastKnownFileType = text.plist.entitlements; path = Dogsign_ToDo.entitlements; sourceTree = "<group>"; };
		77F0C3E826132D64007F0559 /* WelcomeView.swift */ = {isa = PBXFileReference; lastKnownFileType = sourcecode.swift; path = WelcomeView.swift; sourceTree = "<group>"; };
		77F0C40E26133417007F0559 /* ErrorTab.swift */ = {isa = PBXFileReference; lastKnownFileType = sourcecode.swift; path = ErrorTab.swift; sourceTree = "<group>"; };
		77F0C41226133468007F0559 /* TaskListTab.swift */ = {isa = PBXFileReference; lastKnownFileType = sourcecode.swift; path = TaskListTab.swift; sourceTree = "<group>"; };
		77F0C415261334A6007F0559 /* ProjectsTab.swift */ = {isa = PBXFileReference; lastKnownFileType = sourcecode.swift; path = ProjectsTab.swift; sourceTree = "<group>"; };
		77F0C41926134062007F0559 /* TaskView.swift */ = {isa = PBXFileReference; lastKnownFileType = sourcecode.swift; path = TaskView.swift; sourceTree = "<group>"; };
		77F0C44626136B43007F0559 /* GoogleService-Info.plist */ = {isa = PBXFileReference; fileEncoding = 4; lastKnownFileType = text.plist.xml; path = "GoogleService-Info.plist"; sourceTree = "<group>"; };
		77F0C4592613799E007F0559 /* GlobalTasks.swift */ = {isa = PBXFileReference; lastKnownFileType = sourcecode.swift; path = GlobalTasks.swift; sourceTree = "<group>"; };
		77F0C45C26137B18007F0559 /* FirestoreManager.swift */ = {isa = PBXFileReference; lastKnownFileType = sourcecode.swift; path = FirestoreManager.swift; sourceTree = "<group>"; };
		77F0C4C42613CA23007F0559 /* DropdownTaskCreator.swift */ = {isa = PBXFileReference; lastKnownFileType = sourcecode.swift; path = DropdownTaskCreator.swift; sourceTree = "<group>"; };
		B2678272F528A2761F4183EA /* Pods_Dogsign_ToDo.framework */ = {isa = PBXFileReference; explicitFileType = wrapper.framework; includeInIndex = 0; path = Pods_Dogsign_ToDo.framework; sourceTree = BUILT_PRODUCTS_DIR; };
		D0F3798EE1C0221EEFCDC8C3 /* Pods-Dogsign ToDo.release.xcconfig */ = {isa = PBXFileReference; includeInIndex = 1; lastKnownFileType = text.xcconfig; name = "Pods-Dogsign ToDo.release.xcconfig"; path = "Target Support Files/Pods-Dogsign ToDo/Pods-Dogsign ToDo.release.xcconfig"; sourceTree = "<group>"; };
/* End PBXFileReference section */

/* Begin PBXFrameworksBuildPhase section */
		77F0C3CD26132C29007F0559 /* Frameworks */ = {
			isa = PBXFrameworksBuildPhase;
			buildActionMask = 2147483647;
			files = (
				D22D4EEF200E672FDBAF79E8 /* Pods_Dogsign_ToDo.framework in Frameworks */,
			);
			runOnlyForDeploymentPostprocessing = 0;
		};
/* End PBXFrameworksBuildPhase section */

/* Begin PBXGroup section */
		06A31F9A612AA0B6121AD6E3 /* Pods */ = {
			isa = PBXGroup;
			children = (
				62FD8AF11A626BC943B90E91 /* Pods-Dogsign ToDo.debug.xcconfig */,
				D0F3798EE1C0221EEFCDC8C3 /* Pods-Dogsign ToDo.release.xcconfig */,
			);
			path = Pods;
			sourceTree = "<group>";
		};
		77F0C3C726132C29007F0559 = {
			isa = PBXGroup;
			children = (
				77F0C3D226132C29007F0559 /* Dogsign ToDo */,
				77F0C3D126132C29007F0559 /* Products */,
				06A31F9A612AA0B6121AD6E3 /* Pods */,
				E9A5B75FB0F6FD6813BE718E /* Frameworks */,
			);
			sourceTree = "<group>";
		};
		77F0C3D126132C29007F0559 /* Products */ = {
			isa = PBXGroup;
			children = (
				77F0C3D026132C29007F0559 /* Dogsign ToDo.app */,
			);
			name = Products;
			sourceTree = "<group>";
		};
		77F0C3D226132C29007F0559 /* Dogsign ToDo */ = {
			isa = PBXGroup;
			children = (
				77F0C3E626132CEB007F0559 /* Data Models */,
				77F0C3E526132CC2007F0559 /* Core */,
				77F0C3E426132CB6007F0559 /* Views */,
				77F0C3D726132C2C007F0559 /* Assets.xcassets */,
				77F0C3D326132C29007F0559 /* Dogsign_ToDoApp.swift */,
				77F0C3DC26132C2C007F0559 /* Info.plist */,
				77F0C44626136B43007F0559 /* GoogleService-Info.plist */,
				77F0C3DD26132C2C007F0559 /* Dogsign_ToDo.entitlements */,
				77F0C3D926132C2C007F0559 /* Preview Content */,
			);
			path = "Dogsign ToDo";
			sourceTree = "<group>";
		};
		77F0C3D926132C2C007F0559 /* Preview Content */ = {
			isa = PBXGroup;
			children = (
				77F0C3DA26132C2C007F0559 /* Preview Assets.xcassets */,
			);
			path = "Preview Content";
			sourceTree = "<group>";
		};
		77F0C3E426132CB6007F0559 /* Views */ = {
			isa = PBXGroup;
			children = (
				77F0C41826134047007F0559 /* Universal Components */,
				77F0C40D26133401007F0559 /* Tabs */,
				77F0C3E826132D64007F0559 /* WelcomeView.swift */,
				77F0C40E26133417007F0559 /* ErrorTab.swift */,
				77618FAF261750C100407F46 /* Auth.swift */,
			);
			path = Views;
			sourceTree = "<group>";
		};
		77F0C3E526132CC2007F0559 /* Core */ = {
			isa = PBXGroup;
			children = (
				7762633D2613DAB200816214 /* Convertions.swift */,
				770EA439261A44B800528EBA /* Definers.swift */,
			);
			path = Core;
			sourceTree = "<group>";
		};
		77F0C3E626132CEB007F0559 /* Data Models */ = {
			isa = PBXGroup;
			children = (
				77F0C4592613799E007F0559 /* GlobalTasks.swift */,
				77F0C45C26137B18007F0559 /* FirestoreManager.swift */,
				77618F972614772200407F46 /* UserSettings.swift */,
			);
			path = "Data Models";
			sourceTree = "<group>";
		};
		77F0C40D26133401007F0559 /* Tabs */ = {
			isa = PBXGroup;
			children = (
				77F0C41226133468007F0559 /* TaskListTab.swift */,
				77F0C415261334A6007F0559 /* ProjectsTab.swift */,
			);
			path = Tabs;
			sourceTree = "<group>";
		};
		77F0C41826134047007F0559 /* Universal Components */ = {
			isa = PBXGroup;
			children = (
				77F0C41926134062007F0559 /* TaskView.swift */,
				77F0C4C42613CA23007F0559 /* DropdownTaskCreator.swift */,
				77618F9A2615E18D00407F46 /* TaskEditorView.swift */,
			);
			path = "Universal Components";
			sourceTree = "<group>";
		};
		E9A5B75FB0F6FD6813BE718E /* Frameworks */ = {
			isa = PBXGroup;
			children = (
				B2678272F528A2761F4183EA /* Pods_Dogsign_ToDo.framework */,
			);
			name = Frameworks;
			sourceTree = "<group>";
		};
/* End PBXGroup section */

/* Begin PBXNativeTarget section */
		77F0C3CF26132C29007F0559 /* Dogsign ToDo */ = {
			isa = PBXNativeTarget;
			buildConfigurationList = 77F0C3E026132C2C007F0559 /* Build configuration list for PBXNativeTarget "Dogsign ToDo" */;
			buildPhases = (
				44C755BAF69F9A971834EC17 /* [CP] Check Pods Manifest.lock */,
				77F0C3CC26132C29007F0559 /* Sources */,
				77F0C3CD26132C29007F0559 /* Frameworks */,
				77F0C3CE26132C29007F0559 /* Resources */,
				9BB0144221458DACB89BB746 /* [CP] Embed Pods Frameworks */,
			);
			buildRules = (
			);
			dependencies = (
			);
			name = "Dogsign ToDo";
			productName = "Dogsign ToDo";
			productReference = 77F0C3D026132C29007F0559 /* Dogsign ToDo.app */;
			productType = "com.apple.product-type.application";
		};
/* End PBXNativeTarget section */

/* Begin PBXProject section */
		77F0C3C826132C29007F0559 /* Project object */ = {
			isa = PBXProject;
			attributes = {
				LastSwiftUpdateCheck = 1240;
				LastUpgradeCheck = 1240;
				TargetAttributes = {
					77F0C3CF26132C29007F0559 = {
						CreatedOnToolsVersion = 12.4;
					};
				};
			};
			buildConfigurationList = 77F0C3CB26132C29007F0559 /* Build configuration list for PBXProject "Dogsign ToDo" */;
			compatibilityVersion = "Xcode 9.3";
			developmentRegion = en;
			hasScannedForEncodings = 0;
			knownRegions = (
				en,
				Base,
			);
			mainGroup = 77F0C3C726132C29007F0559;
			productRefGroup = 77F0C3D126132C29007F0559 /* Products */;
			projectDirPath = "";
			projectRoot = "";
			targets = (
				77F0C3CF26132C29007F0559 /* Dogsign ToDo */,
			);
		};
/* End PBXProject section */

/* Begin PBXResourcesBuildPhase section */
		77F0C3CE26132C29007F0559 /* Resources */ = {
			isa = PBXResourcesBuildPhase;
			buildActionMask = 2147483647;
			files = (
				77F0C3DB26132C2C007F0559 /* Preview Assets.xcassets in Resources */,
				77F0C3D826132C2C007F0559 /* Assets.xcassets in Resources */,
				77F0C44726136B43007F0559 /* GoogleService-Info.plist in Resources */,
			);
			runOnlyForDeploymentPostprocessing = 0;
		};
/* End PBXResourcesBuildPhase section */

/* Begin PBXShellScriptBuildPhase section */
		44C755BAF69F9A971834EC17 /* [CP] Check Pods Manifest.lock */ = {
			isa = PBXShellScriptBuildPhase;
			buildActionMask = 2147483647;
			files = (
			);
			inputFileListPaths = (
			);
			inputPaths = (
				"${PODS_PODFILE_DIR_PATH}/Podfile.lock",
				"${PODS_ROOT}/Manifest.lock",
			);
			name = "[CP] Check Pods Manifest.lock";
			outputFileListPaths = (
			);
			outputPaths = (
				"$(DERIVED_FILE_DIR)/Pods-Dogsign ToDo-checkManifestLockResult.txt",
			);
			runOnlyForDeploymentPostprocessing = 0;
			shellPath = /bin/sh;
			shellScript = "diff \"${PODS_PODFILE_DIR_PATH}/Podfile.lock\" \"${PODS_ROOT}/Manifest.lock\" > /dev/null\nif [ $? != 0 ] ; then\n    # print error to STDERR\n    echo \"error: The sandbox is not in sync with the Podfile.lock. Run 'pod install' or update your CocoaPods installation.\" >&2\n    exit 1\nfi\n# This output is used by Xcode 'outputs' to avoid re-running this script phase.\necho \"SUCCESS\" > \"${SCRIPT_OUTPUT_FILE_0}\"\n";
			showEnvVarsInLog = 0;
		};
		9BB0144221458DACB89BB746 /* [CP] Embed Pods Frameworks */ = {
			isa = PBXShellScriptBuildPhase;
			buildActionMask = 2147483647;
			files = (
			);
			inputFileListPaths = (
				"${PODS_ROOT}/Target Support Files/Pods-Dogsign ToDo/Pods-Dogsign ToDo-frameworks-${CONFIGURATION}-input-files.xcfilelist",
			);
			name = "[CP] Embed Pods Frameworks";
			outputFileListPaths = (
				"${PODS_ROOT}/Target Support Files/Pods-Dogsign ToDo/Pods-Dogsign ToDo-frameworks-${CONFIGURATION}-output-files.xcfilelist",
			);
			runOnlyForDeploymentPostprocessing = 0;
			shellPath = /bin/sh;
			shellScript = "\"${PODS_ROOT}/Target Support Files/Pods-Dogsign ToDo/Pods-Dogsign ToDo-frameworks.sh\"\n";
			showEnvVarsInLog = 0;
		};
/* End PBXShellScriptBuildPhase section */

/* Begin PBXSourcesBuildPhase section */
		77F0C3CC26132C29007F0559 /* Sources */ = {
			isa = PBXSourcesBuildPhase;
			buildActionMask = 2147483647;
			files = (
				77618FB0261750C100407F46 /* Auth.swift in Sources */,
				7762633E2613DAB200816214 /* Convertions.swift in Sources */,
				77F0C41A26134062007F0559 /* TaskView.swift in Sources */,
				77F0C45A2613799E007F0559 /* GlobalTasks.swift in Sources */,
				77F0C3E926132D64007F0559 /* WelcomeView.swift in Sources */,
				77618F9B2615E18D00407F46 /* TaskEditorView.swift in Sources */,
				77F0C40F26133417007F0559 /* ErrorTab.swift in Sources */,
				77F0C416261334A6007F0559 /* ProjectsTab.swift in Sources */,
				77F0C3D426132C29007F0559 /* Dogsign_ToDoApp.swift in Sources */,
				77F0C4C52613CA23007F0559 /* DropdownTaskCreator.swift in Sources */,
				77F0C41326133468007F0559 /* TaskListTab.swift in Sources */,
				77F0C45D26137B18007F0559 /* FirestoreManager.swift in Sources */,
				77618F982614772200407F46 /* UserSettings.swift in Sources */,
				770EA43A261A44B800528EBA /* Definers.swift in Sources */,
			);
			runOnlyForDeploymentPostprocessing = 0;
		};
/* End PBXSourcesBuildPhase section */

/* Begin XCBuildConfiguration section */
		77F0C3DE26132C2C007F0559 /* Debug */ = {
			isa = XCBuildConfiguration;
			buildSettings = {
				ALWAYS_SEARCH_USER_PATHS = NO;
				CLANG_ANALYZER_NONNULL = YES;
				CLANG_ANALYZER_NUMBER_OBJECT_CONVERSION = YES_AGGRESSIVE;
				CLANG_CXX_LANGUAGE_STANDARD = "gnu++14";
				CLANG_CXX_LIBRARY = "libc++";
				CLANG_ENABLE_MODULES = YES;
				CLANG_ENABLE_OBJC_ARC = YES;
				CLANG_ENABLE_OBJC_WEAK = YES;
				CLANG_WARN_BLOCK_CAPTURE_AUTORELEASING = YES;
				CLANG_WARN_BOOL_CONVERSION = YES;
				CLANG_WARN_COMMA = YES;
				CLANG_WARN_CONSTANT_CONVERSION = YES;
				CLANG_WARN_DEPRECATED_OBJC_IMPLEMENTATIONS = YES;
				CLANG_WARN_DIRECT_OBJC_ISA_USAGE = YES_ERROR;
				CLANG_WARN_DOCUMENTATION_COMMENTS = YES;
				CLANG_WARN_EMPTY_BODY = YES;
				CLANG_WARN_ENUM_CONVERSION = YES;
				CLANG_WARN_INFINITE_RECURSION = YES;
				CLANG_WARN_INT_CONVERSION = YES;
				CLANG_WARN_NON_LITERAL_NULL_CONVERSION = YES;
				CLANG_WARN_OBJC_IMPLICIT_RETAIN_SELF = YES;
				CLANG_WARN_OBJC_LITERAL_CONVERSION = YES;
				CLANG_WARN_OBJC_ROOT_CLASS = YES_ERROR;
				CLANG_WARN_QUOTED_INCLUDE_IN_FRAMEWORK_HEADER = YES;
				CLANG_WARN_RANGE_LOOP_ANALYSIS = YES;
				CLANG_WARN_STRICT_PROTOTYPES = YES;
				CLANG_WARN_SUSPICIOUS_MOVE = YES;
				CLANG_WARN_UNGUARDED_AVAILABILITY = YES_AGGRESSIVE;
				CLANG_WARN_UNREACHABLE_CODE = YES;
				CLANG_WARN__DUPLICATE_METHOD_MATCH = YES;
				COPY_PHASE_STRIP = NO;
				DEBUG_INFORMATION_FORMAT = dwarf;
				ENABLE_STRICT_OBJC_MSGSEND = YES;
				ENABLE_TESTABILITY = YES;
				GCC_C_LANGUAGE_STANDARD = gnu11;
				GCC_DYNAMIC_NO_PIC = NO;
				GCC_NO_COMMON_BLOCKS = YES;
				GCC_OPTIMIZATION_LEVEL = 0;
				GCC_PREPROCESSOR_DEFINITIONS = (
					"DEBUG=1",
					"$(inherited)",
				);
				GCC_WARN_64_TO_32_BIT_CONVERSION = YES;
				GCC_WARN_ABOUT_RETURN_TYPE = YES_ERROR;
				GCC_WARN_UNDECLARED_SELECTOR = YES;
				GCC_WARN_UNINITIALIZED_AUTOS = YES_AGGRESSIVE;
				GCC_WARN_UNUSED_FUNCTION = YES;
				GCC_WARN_UNUSED_VARIABLE = YES;
				MACOSX_DEPLOYMENT_TARGET = 11.0;
				MTL_ENABLE_DEBUG_INFO = INCLUDE_SOURCE;
				MTL_FAST_MATH = YES;
				ONLY_ACTIVE_ARCH = YES;
				SDKROOT = macosx;
				SWIFT_ACTIVE_COMPILATION_CONDITIONS = DEBUG;
				SWIFT_OPTIMIZATION_LEVEL = "-Onone";
			};
			name = Debug;
		};
		77F0C3DF26132C2C007F0559 /* Release */ = {
			isa = XCBuildConfiguration;
			buildSettings = {
				ALWAYS_SEARCH_USER_PATHS = NO;
				CLANG_ANALYZER_NONNULL = YES;
				CLANG_ANALYZER_NUMBER_OBJECT_CONVERSION = YES_AGGRESSIVE;
				CLANG_CXX_LANGUAGE_STANDARD = "gnu++14";
				CLANG_CXX_LIBRARY = "libc++";
				CLANG_ENABLE_MODULES = YES;
				CLANG_ENABLE_OBJC_ARC = YES;
				CLANG_ENABLE_OBJC_WEAK = YES;
				CLANG_WARN_BLOCK_CAPTURE_AUTORELEASING = YES;
				CLANG_WARN_BOOL_CONVERSION = YES;
				CLANG_WARN_COMMA = YES;
				CLANG_WARN_CONSTANT_CONVERSION = YES;
				CLANG_WARN_DEPRECATED_OBJC_IMPLEMENTATIONS = YES;
				CLANG_WARN_DIRECT_OBJC_ISA_USAGE = YES_ERROR;
				CLANG_WARN_DOCUMENTATION_COMMENTS = YES;
				CLANG_WARN_EMPTY_BODY = YES;
				CLANG_WARN_ENUM_CONVERSION = YES;
				CLANG_WARN_INFINITE_RECURSION = YES;
				CLANG_WARN_INT_CONVERSION = YES;
				CLANG_WARN_NON_LITERAL_NULL_CONVERSION = YES;
				CLANG_WARN_OBJC_IMPLICIT_RETAIN_SELF = YES;
				CLANG_WARN_OBJC_LITERAL_CONVERSION = YES;
				CLANG_WARN_OBJC_ROOT_CLASS = YES_ERROR;
				CLANG_WARN_QUOTED_INCLUDE_IN_FRAMEWORK_HEADER = YES;
				CLANG_WARN_RANGE_LOOP_ANALYSIS = YES;
				CLANG_WARN_STRICT_PROTOTYPES = YES;
				CLANG_WARN_SUSPICIOUS_MOVE = YES;
				CLANG_WARN_UNGUARDED_AVAILABILITY = YES_AGGRESSIVE;
				CLANG_WARN_UNREACHABLE_CODE = YES;
				CLANG_WARN__DUPLICATE_METHOD_MATCH = YES;
				COPY_PHASE_STRIP = NO;
				DEBUG_INFORMATION_FORMAT = "dwarf-with-dsym";
				ENABLE_NS_ASSERTIONS = NO;
				ENABLE_STRICT_OBJC_MSGSEND = YES;
				GCC_C_LANGUAGE_STANDARD = gnu11;
				GCC_NO_COMMON_BLOCKS = YES;
				GCC_WARN_64_TO_32_BIT_CONVERSION = YES;
				GCC_WARN_ABOUT_RETURN_TYPE = YES_ERROR;
				GCC_WARN_UNDECLARED_SELECTOR = YES;
				GCC_WARN_UNINITIALIZED_AUTOS = YES_AGGRESSIVE;
				GCC_WARN_UNUSED_FUNCTION = YES;
				GCC_WARN_UNUSED_VARIABLE = YES;
				MACOSX_DEPLOYMENT_TARGET = 11.0;
				MTL_ENABLE_DEBUG_INFO = NO;
				MTL_FAST_MATH = YES;
				SDKROOT = macosx;
				SWIFT_COMPILATION_MODE = wholemodule;
				SWIFT_OPTIMIZATION_LEVEL = "-O";
			};
			name = Release;
		};
		77F0C3E126132C2C007F0559 /* Debug */ = {
			isa = XCBuildConfiguration;
			baseConfigurationReference = 62FD8AF11A626BC943B90E91 /* Pods-Dogsign ToDo.debug.xcconfig */;
			buildSettings = {
				ASSETCATALOG_COMPILER_APPICON_NAME = AppIcon;
				ASSETCATALOG_COMPILER_GLOBAL_ACCENT_COLOR_NAME = AccentColor;
				CODE_SIGN_ENTITLEMENTS = "Dogsign ToDo/Dogsign_ToDo.entitlements";
				CODE_SIGN_IDENTITY = "Apple Development";
				CODE_SIGN_STYLE = Automatic;
				COMBINE_HIDPI_IMAGES = YES;
				DEVELOPMENT_ASSET_PATHS = "\"Dogsign ToDo/Preview Content\"";
				DEVELOPMENT_TEAM = A85XYMMGVU;
				ENABLE_HARDENED_RUNTIME = YES;
				ENABLE_PREVIEWS = YES;
				INFOPLIST_FILE = "Dogsign ToDo/Info.plist";
				LD_RUNPATH_SEARCH_PATHS = (
					"$(inherited)",
					"@executable_path/../Frameworks",
				);
				MACOSX_DEPLOYMENT_TARGET = 11.0;
				PRODUCT_BUNDLE_IDENTIFIER = "naydenovich.viktor.Dogsign-ToDo";
				PRODUCT_NAME = "$(TARGET_NAME)";
				SWIFT_VERSION = 5.0;
			};
			name = Debug;
		};
		77F0C3E226132C2C007F0559 /* Release */ = {
			isa = XCBuildConfiguration;
			baseConfigurationReference = D0F3798EE1C0221EEFCDC8C3 /* Pods-Dogsign ToDo.release.xcconfig */;
			buildSettings = {
				ASSETCATALOG_COMPILER_APPICON_NAME = AppIcon;
				ASSETCATALOG_COMPILER_GLOBAL_ACCENT_COLOR_NAME = AccentColor;
				CODE_SIGN_ENTITLEMENTS = "Dogsign ToDo/Dogsign_ToDo.entitlements";
				CODE_SIGN_IDENTITY = "Apple Development";
				CODE_SIGN_STYLE = Automatic;
				COMBINE_HIDPI_IMAGES = YES;
				DEVELOPMENT_ASSET_PATHS = "\"Dogsign ToDo/Preview Content\"";
				DEVELOPMENT_TEAM = A85XYMMGVU;
				ENABLE_HARDENED_RUNTIME = YES;
				ENABLE_PREVIEWS = YES;
				INFOPLIST_FILE = "Dogsign ToDo/Info.plist";
				LD_RUNPATH_SEARCH_PATHS = (
					"$(inherited)",
					"@executable_path/../Frameworks",
				);
				MACOSX_DEPLOYMENT_TARGET = 11.0;
				PRODUCT_BUNDLE_IDENTIFIER = "naydenovich.viktor.Dogsign-ToDo";
				PRODUCT_NAME = "$(TARGET_NAME)";
				SWIFT_VERSION = 5.0;
			};
			name = Release;
		};
/* End XCBuildConfiguration section */

/* Begin XCConfigurationList section */
		77F0C3CB26132C29007F0559 /* Build configuration list for PBXProject "Dogsign ToDo" */ = {
			isa = XCConfigurationList;
			buildConfigurations = (
				77F0C3DE26132C2C007F0559 /* Debug */,
				77F0C3DF26132C2C007F0559 /* Release */,
			);
			defaultConfigurationIsVisible = 0;
			defaultConfigurationName = Release;
		};
		77F0C3E026132C2C007F0559 /* Build configuration list for PBXNativeTarget "Dogsign ToDo" */ = {
			isa = XCConfigurationList;
			buildConfigurations = (
				77F0C3E126132C2C007F0559 /* Debug */,
				77F0C3E226132C2C007F0559 /* Release */,
			);
			defaultConfigurationIsVisible = 0;
			defaultConfigurationName = Release;
		};
/* End XCConfigurationList section */
	};
	rootObject = 77F0C3C826132C29007F0559 /* Project object */;
}
